
Microsoft Visual Studio Solution File, Format Version 12.00
# Visual Studio Version 16
VisualStudioVersion = 16.0.29728.190
MinimumVisualStudioVersion = 10.0.40219.1
Project("{FAE04EC0-301F-11D3-BF4B-00C04F79EFBC}") = "project-v.2", "project-v.2\project-v.2.csproj", "{52ABEACB-638D-4442-BEE7-893EF7642D3B}"
EndProject
Global
	GlobalSection(SolutionConfigurationPlatforms) = preSolution
		Debug|Any CPU = Debug|Any CPU
		Release|Any CPU = Release|Any CPU
	EndGlobalSection
	GlobalSection(ProjectConfigurationPlatforms) = postSolution
		{52ABEACB-638D-4442-BEE7-893EF7642D3B}.Debug|Any CPU.ActiveCfg = Debug|Any CPU
		{52ABEACB-638D-4442-BEE7-893EF7642D3B}.Debug|Any CPU.Build.0 = Debug|Any CPU
		{52ABEACB-638D-4442-BEE7-893EF7642D3B}.Release|Any CPU.ActiveCfg = Release|Any CPU
		{52ABEACB-638D-4442-BEE7-893EF7642D3B}.Release|Any CPU.Build.0 = Release|Any CPU
	EndGlobalSection
	GlobalSection(SolutionProperties) = preSolution
		HideSolutionNode = FALSE
	EndGlobalSection
	GlobalSection(ExtensibilityGlobals) = postSolution
		SolutionGuid = {0B841F93-F732-45B9-BC09-10B6D4C2DACB}
	EndGlobalSection
EndGlobal
